// !$*UTF8*$!
{
	archiveVersion = 1;
	classes = {
	};
	objectVersion = 55;
	objects = {

/* Begin PBXBuildFile section */
		8412958C27CE88B50059F068 /* Jicco_devApp.swift in Sources */ = {isa = PBXBuildFile; fileRef = 8412958B27CE88B50059F068 /* Jicco_devApp.swift */; };
		8412958E27CE88B50059F068 /* ContentView.swift in Sources */ = {isa = PBXBuildFile; fileRef = 8412958D27CE88B50059F068 /* ContentView.swift */; };
		8412959027CE88B70059F068 /* Assets.xcassets in Resources */ = {isa = PBXBuildFile; fileRef = 8412958F27CE88B70059F068 /* Assets.xcassets */; };
		8412959327CE88B70059F068 /* Preview Assets.xcassets in Resources */ = {isa = PBXBuildFile; fileRef = 8412959227CE88B70059F068 /* Preview Assets.xcassets */; };
		8412959B27CE89080059F068 /* Get in Frameworks */ = {isa = PBXBuildFile; productRef = 8412959A27CE89080059F068 /* Get */; };
		8412959E27CE89790059F068 /* Kingfisher in Frameworks */ = {isa = PBXBuildFile; productRef = 8412959D27CE89790059F068 /* Kingfisher */; };
		841295A127CE89B00059F068 /* DefaultValue.swift in Sources */ = {isa = PBXBuildFile; fileRef = 841295A027CE89B00059F068 /* DefaultValue.swift */; };
		841295A427CE89D50059F068 /* PostApi.swift in Sources */ = {isa = PBXBuildFile; fileRef = 841295A327CE89D50059F068 /* PostApi.swift */; };
		841295A627CE89E90059F068 /* NetworkManager.swift in Sources */ = {isa = PBXBuildFile; fileRef = 841295A527CE89E90059F068 /* NetworkManager.swift */; };
		841295A927CE8A030059F068 /* Post.swift in Sources */ = {isa = PBXBuildFile; fileRef = 841295A827CE8A030059F068 /* Post.swift */; };
		841295AC27CE8A2B0059F068 /* PostData.swift in Sources */ = {isa = PBXBuildFile; fileRef = 841295AB27CE8A2B0059F068 /* PostData.swift */; };
		841295AF27CE8A450059F068 /* PostList.swift in Sources */ = {isa = PBXBuildFile; fileRef = 841295AE27CE8A450059F068 /* PostList.swift */; };
		841295B127CE8A5D0059F068 /* PostCell.swift in Sources */ = {isa = PBXBuildFile; fileRef = 841295B027CE8A5D0059F068 /* PostCell.swift */; };
		841295B327CE8A8A0059F068 /* PostImageCell.swift in Sources */ = {isa = PBXBuildFile; fileRef = 841295B227CE8A8A0059F068 /* PostImageCell.swift */; };
		841295B527CE8AC80059F068 /* PostToolbarButton.swift in Sources */ = {isa = PBXBuildFile; fileRef = 841295B427CE8AC80059F068 /* PostToolbarButton.swift */; };
		841295B727CE8ADE0059F068 /* VIPBadge.swift in Sources */ = {isa = PBXBuildFile; fileRef = 841295B627CE8ADE0059F068 /* VIPBadge.swift */; };
		841295B927CE8AF10059F068 /* Home.swift in Sources */ = {isa = PBXBuildFile; fileRef = 841295B827CE8AF10059F068 /* Home.swift */; };
/* End PBXBuildFile section */

/* Begin PBXFileReference section */
		8412958827CE88B50059F068 /* Jicco-dev.app */ = {isa = PBXFileReference; explicitFileType = wrapper.application; includeInIndex = 0; path = "Jicco-dev.app"; sourceTree = BUILT_PRODUCTS_DIR; };
		8412958B27CE88B50059F068 /* Jicco_devApp.swift */ = {isa = PBXFileReference; lastKnownFileType = sourcecode.swift; path = Jicco_devApp.swift; sourceTree = "<group>"; };
		8412958D27CE88B50059F068 /* ContentView.swift */ = {isa = PBXFileReference; lastKnownFileType = sourcecode.swift; path = ContentView.swift; sourceTree = "<group>"; };
		8412958F27CE88B70059F068 /* Assets.xcassets */ = {isa = PBXFileReference; lastKnownFileType = folder.assetcatalog; path = Assets.xcassets; sourceTree = "<group>"; };
		8412959227CE88B70059F068 /* Preview Assets.xcassets */ = {isa = PBXFileReference; lastKnownFileType = folder.assetcatalog; path = "Preview Assets.xcassets"; sourceTree = "<group>"; };
		841295A027CE89B00059F068 /* DefaultValue.swift */ = {isa = PBXFileReference; lastKnownFileType = sourcecode.swift; path = DefaultValue.swift; sourceTree = "<group>"; };
		841295A327CE89D50059F068 /* PostApi.swift */ = {isa = PBXFileReference; lastKnownFileType = sourcecode.swift; path = PostApi.swift; sourceTree = "<group>"; };
		841295A527CE89E90059F068 /* NetworkManager.swift */ = {isa = PBXFileReference; lastKnownFileType = sourcecode.swift; path = NetworkManager.swift; sourceTree = "<group>"; };
		841295A827CE8A030059F068 /* Post.swift */ = {isa = PBXFileReference; lastKnownFileType = sourcecode.swift; path = Post.swift; sourceTree = "<group>"; };
		841295AB27CE8A2B0059F068 /* PostData.swift */ = {isa = PBXFileReference; lastKnownFileType = sourcecode.swift; path = PostData.swift; sourceTree = "<group>"; };
		841295AE27CE8A450059F068 /* PostList.swift */ = {isa = PBXFileReference; lastKnownFileType = sourcecode.swift; path = PostList.swift; sourceTree = "<group>"; };
		841295B027CE8A5D0059F068 /* PostCell.swift */ = {isa = PBXFileReference; lastKnownFileType = sourcecode.swift; path = PostCell.swift; sourceTree = "<group>"; };
		841295B227CE8A8A0059F068 /* PostImageCell.swift */ = {isa = PBXFileReference; lastKnownFileType = sourcecode.swift; path = PostImageCell.swift; sourceTree = "<group>"; };
		841295B427CE8AC80059F068 /* PostToolbarButton.swift */ = {isa = PBXFileReference; lastKnownFileType = sourcecode.swift; path = PostToolbarButton.swift; sourceTree = "<group>"; };
		841295B627CE8ADE0059F068 /* VIPBadge.swift */ = {isa = PBXFileReference; lastKnownFileType = sourcecode.swift; path = VIPBadge.swift; sourceTree = "<group>"; };
		841295B827CE8AF10059F068 /* Home.swift */ = {isa = PBXFileReference; lastKnownFileType = sourcecode.swift; path = Home.swift; sourceTree = "<group>"; };
/* End PBXFileReference section */

/* Begin PBXFrameworksBuildPhase section */
		8412958527CE88B50059F068 /* Frameworks */ = {
			isa = PBXFrameworksBuildPhase;
			buildActionMask = 2147483647;
			files = (
				8412959E27CE89790059F068 /* Kingfisher in Frameworks */,
				8412959B27CE89080059F068 /* Get in Frameworks */,
			);
			runOnlyForDeploymentPostprocessing = 0;
		};
/* End PBXFrameworksBuildPhase section */

/* Begin PBXGroup section */
		8412957F27CE88B50059F068 = {
			isa = PBXGroup;
			children = (
				8412958A27CE88B50059F068 /* Jicco-dev */,
				8412958927CE88B50059F068 /* Products */,
			);
			sourceTree = "<group>";
		};
		8412958927CE88B50059F068 /* Products */ = {
			isa = PBXGroup;
			children = (
				8412958827CE88B50059F068 /* Jicco-dev.app */,
			);
			name = Products;
			sourceTree = "<group>";
		};
		8412958A27CE88B50059F068 /* Jicco-dev */ = {
			isa = PBXGroup;
			children = (
				8412959F27CE89A20059F068 /* Custom */,
				841295A227CE89BF0059F068 /* Api */,
				841295A727CE89F30059F068 /* Model */,
				841295AA27CE8A170059F068 /* Store */,
				841295AD27CE8A390059F068 /* View */,
				8412958B27CE88B50059F068 /* Jicco_devApp.swift */,
				8412958D27CE88B50059F068 /* ContentView.swift */,
				8412958F27CE88B70059F068 /* Assets.xcassets */,
				8412959127CE88B70059F068 /* Preview Content */,
			);
			path = "Jicco-dev";
			sourceTree = "<group>";
		};
		8412959127CE88B70059F068 /* Preview Content */ = {
			isa = PBXGroup;
			children = (
				8412959227CE88B70059F068 /* Preview Assets.xcassets */,
			);
			path = "Preview Content";
			sourceTree = "<group>";
		};
		8412959F27CE89A20059F068 /* Custom */ = {
			isa = PBXGroup;
			children = (
				841295A027CE89B00059F068 /* DefaultValue.swift */,
			);
			path = Custom;
			sourceTree = "<group>";
		};
		841295A227CE89BF0059F068 /* Api */ = {
			isa = PBXGroup;
			children = (
				841295A327CE89D50059F068 /* PostApi.swift */,
				841295A527CE89E90059F068 /* NetworkManager.swift */,
			);
			path = Api;
			sourceTree = "<group>";
		};
		841295A727CE89F30059F068 /* Model */ = {
			isa = PBXGroup;
			children = (
				841295A827CE8A030059F068 /* Post.swift */,
			);
			path = Model;
			sourceTree = "<group>";
		};
		841295AA27CE8A170059F068 /* Store */ = {
			isa = PBXGroup;
			children = (
				841295AB27CE8A2B0059F068 /* PostData.swift */,
			);
			path = Store;
			sourceTree = "<group>";
		};
		841295AD27CE8A390059F068 /* View */ = {
			isa = PBXGroup;
			children = (
				841295AE27CE8A450059F068 /* PostList.swift */,
				841295B027CE8A5D0059F068 /* PostCell.swift */,
				841295B227CE8A8A0059F068 /* PostImageCell.swift */,
				841295B427CE8AC80059F068 /* PostToolbarButton.swift */,
				841295B627CE8ADE0059F068 /* VIPBadge.swift */,
				841295B827CE8AF10059F068 /* Home.swift */,
			);
			path = View;
			sourceTree = "<group>";
		};
/* End PBXGroup section */

/* Begin PBXNativeTarget section */
		8412958727CE88B50059F068 /* Jicco-dev */ = {
			isa = PBXNativeTarget;
			buildConfigurationList = 8412959627CE88B70059F068 /* Build configuration list for PBXNativeTarget "Jicco-dev" */;
			buildPhases = (
				8412958427CE88B50059F068 /* Sources */,
				8412958527CE88B50059F068 /* Frameworks */,
				8412958627CE88B50059F068 /* Resources */,
			);
			buildRules = (
			);
			dependencies = (
			);
			name = "Jicco-dev";
			packageProductDependencies = (
				8412959A27CE89080059F068 /* Get */,
				8412959D27CE89790059F068 /* Kingfisher */,
			);
			productName = "Jicco-dev";
			productReference = 8412958827CE88B50059F068 /* Jicco-dev.app */;
			productType = "com.apple.product-type.application";
		};
/* End PBXNativeTarget section */

/* Begin PBXProject section */
		8412958027CE88B50059F068 /* Project object */ = {
			isa = PBXProject;
			attributes = {
				BuildIndependentTargetsInParallel = 1;
				LastSwiftUpdateCheck = 1320;
				LastUpgradeCheck = 1320;
				TargetAttributes = {
					8412958727CE88B50059F068 = {
						CreatedOnToolsVersion = 13.2.1;
					};
				};
			};
			buildConfigurationList = 8412958327CE88B50059F068 /* Build configuration list for PBXProject "Jicco-dev" */;
			compatibilityVersion = "Xcode 13.0";
			developmentRegion = en;
			hasScannedForEncodings = 0;
			knownRegions = (
				en,
				Base,
			);
			mainGroup = 8412957F27CE88B50059F068;
			packageReferences = (
				8412959927CE89080059F068 /* XCRemoteSwiftPackageReference "Get" */,
				8412959C27CE89790059F068 /* XCRemoteSwiftPackageReference "Kingfisher" */,
			);
			productRefGroup = 8412958927CE88B50059F068 /* Products */;
			projectDirPath = "";
			projectRoot = "";
			targets = (
				8412958727CE88B50059F068 /* Jicco-dev */,
			);
		};
/* End PBXProject section */

/* Begin PBXResourcesBuildPhase section */
		8412958627CE88B50059F068 /* Resources */ = {
			isa = PBXResourcesBuildPhase;
			buildActionMask = 2147483647;
			files = (
				8412959327CE88B70059F068 /* Preview Assets.xcassets in Resources */,
				8412959027CE88B70059F068 /* Assets.xcassets in Resources */,
			);
			runOnlyForDeploymentPostprocessing = 0;
		};
/* End PBXResourcesBuildPhase section */

/* Begin PBXSourcesBuildPhase section */
		8412958427CE88B50059F068 /* Sources */ = {
			isa = PBXSourcesBuildPhase;
			buildActionMask = 2147483647;
			files = (
				841295A427CE89D50059F068 /* PostApi.swift in Sources */,
				8412958E27CE88B50059F068 /* ContentView.swift in Sources */,
				841295A627CE89E90059F068 /* NetworkManager.swift in Sources */,
				841295B727CE8ADE0059F068 /* VIPBadge.swift in Sources */,
				841295B327CE8A8A0059F068 /* PostImageCell.swift in Sources */,
				841295B527CE8AC80059F068 /* PostToolbarButton.swift in Sources */,
				841295B927CE8AF10059F068 /* Home.swift in Sources */,
				841295AF27CE8A450059F068 /* PostList.swift in Sources */,
				841295A927CE8A030059F068 /* Post.swift in Sources */,
				841295B127CE8A5D0059F068 /* PostCell.swift in Sources */,
				841295A127CE89B00059F068 /* DefaultValue.swift in Sources */,
				841295AC27CE8A2B0059F068 /* PostData.swift in Sources */,
				8412958C27CE88B50059F068 /* Jicco_devApp.swift in Sources */,
			);
			runOnlyForDeploymentPostprocessing = 0;
		};
/* End PBXSourcesBuildPhase section */

/* Begin XCBuildConfiguration section */
		8412959427CE88B70059F068 /* Debug */ = {
			isa = XCBuildConfiguration;
			buildSettings = {
				ALWAYS_SEARCH_USER_PATHS = NO;
				CLANG_ANALYZER_NONNULL = YES;
				CLANG_ANALYZER_NUMBER_OBJECT_CONVERSION = YES_AGGRESSIVE;
				CLANG_CXX_LANGUAGE_STANDARD = "gnu++17";
				CLANG_CXX_LIBRARY = "libc++";
				CLANG_ENABLE_MODULES = YES;
				CLANG_ENABLE_OBJC_ARC = YES;
				CLANG_ENABLE_OBJC_WEAK = YES;
				CLANG_WARN_BLOCK_CAPTURE_AUTORELEASING = YES;
				CLANG_WARN_BOOL_CONVERSION = YES;
				CLANG_WARN_COMMA = YES;
				CLANG_WARN_CONSTANT_CONVERSION = YES;
				CLANG_WARN_DEPRECATED_OBJC_IMPLEMENTATIONS = YES;
				CLANG_WARN_DIRECT_OBJC_ISA_USAGE = YES_ERROR;
				CLANG_WARN_DOCUMENTATION_COMMENTS = YES;
				CLANG_WARN_EMPTY_BODY = YES;
				CLANG_WARN_ENUM_CONVERSION = YES;
				CLANG_WARN_INFINITE_RECURSION = YES;
				CLANG_WARN_INT_CONVERSION = YES;
				CLANG_WARN_NON_LITERAL_NULL_CONVERSION = YES;
				CLANG_WARN_OBJC_IMPLICIT_RETAIN_SELF = YES;
				CLANG_WARN_OBJC_LITERAL_CONVERSION = YES;
				CLANG_WARN_OBJC_ROOT_CLASS = YES_ERROR;
				CLANG_WARN_QUOTED_INCLUDE_IN_FRAMEWORK_HEADER = YES;
				CLANG_WARN_RANGE_LOOP_ANALYSIS = YES;
				CLANG_WARN_STRICT_PROTOTYPES = YES;
				CLANG_WARN_SUSPICIOUS_MOVE = YES;
				CLANG_WARN_UNGUARDED_AVAILABILITY = YES_AGGRESSIVE;
				CLANG_WARN_UNREACHABLE_CODE = YES;
				CLANG_WARN__DUPLICATE_METHOD_MATCH = YES;
				COPY_PHASE_STRIP = NO;
				DEBUG_INFORMATION_FORMAT = dwarf;
				ENABLE_STRICT_OBJC_MSGSEND = YES;
				ENABLE_TESTABILITY = YES;
				GCC_C_LANGUAGE_STANDARD = gnu11;
				GCC_DYNAMIC_NO_PIC = NO;
				GCC_NO_COMMON_BLOCKS = YES;
				GCC_OPTIMIZATION_LEVEL = 0;
				GCC_PREPROCESSOR_DEFINITIONS = (
					"DEBUG=1",
					"$(inherited)",
				);
				GCC_WARN_64_TO_32_BIT_CONVERSION = YES;
				GCC_WARN_ABOUT_RETURN_TYPE = YES_ERROR;
				GCC_WARN_UNDECLARED_SELECTOR = YES;
				GCC_WARN_UNINITIALIZED_AUTOS = YES_AGGRESSIVE;
				GCC_WARN_UNUSED_FUNCTION = YES;
				GCC_WARN_UNUSED_VARIABLE = YES;
				IPHONEOS_DEPLOYMENT_TARGET = 15.2;
				MTL_ENABLE_DEBUG_INFO = INCLUDE_SOURCE;
				MTL_FAST_MATH = YES;
				ONLY_ACTIVE_ARCH = YES;
				SDKROOT = iphoneos;
				SWIFT_ACTIVE_COMPILATION_CONDITIONS = DEBUG;
				SWIFT_OPTIMIZATION_LEVEL = "-Onone";
			};
			name = Debug;
		};
		8412959527CE88B70059F068 /* Release */ = {
			isa = XCBuildConfiguration;
			buildSettings = {
				ALWAYS_SEARCH_USER_PATHS = NO;
				CLANG_ANALYZER_NONNULL = YES;
				CLANG_ANALYZER_NUMBER_OBJECT_CONVERSION = YES_AGGRESSIVE;
				CLANG_CXX_LANGUAGE_STANDARD = "gnu++17";
				CLANG_CXX_LIBRARY = "libc++";
				CLANG_ENABLE_MODULES = YES;
				CLANG_ENABLE_OBJC_ARC = YES;
				CLANG_ENABLE_OBJC_WEAK = YES;
				CLANG_WARN_BLOCK_CAPTURE_AUTORELEASING = YES;
				CLANG_WARN_BOOL_CONVERSION = YES;
				CLANG_WARN_COMMA = YES;
				CLANG_WARN_CONSTANT_CONVERSION = YES;
				CLANG_WARN_DEPRECATED_OBJC_IMPLEMENTATIONS = YES;
				CLANG_WARN_DIRECT_OBJC_ISA_USAGE = YES_ERROR;
				CLANG_WARN_DOCUMENTATION_COMMENTS = YES;
				CLANG_WARN_EMPTY_BODY = YES;
				CLANG_WARN_ENUM_CONVERSION = YES;
				CLANG_WARN_INFINITE_RECURSION = YES;
				CLANG_WARN_INT_CONVERSION = YES;
				CLANG_WARN_NON_LITERAL_NULL_CONVERSION = YES;
				CLANG_WARN_OBJC_IMPLICIT_RETAIN_SELF = YES;
				CLANG_WARN_OBJC_LITERAL_CONVERSION = YES;
				CLANG_WARN_OBJC_ROOT_CLASS = YES_ERROR;
				CLANG_WARN_QUOTED_INCLUDE_IN_FRAMEWORK_HEADER = YES;
				CLANG_WARN_RANGE_LOOP_ANALYSIS = YES;
				CLANG_WARN_STRICT_PROTOTYPES = YES;
				CLANG_WARN_SUSPICIOUS_MOVE = YES;
				CLANG_WARN_UNGUARDED_AVAILABILITY = YES_AGGRESSIVE;
				CLANG_WARN_UNREACHABLE_CODE = YES;
				CLANG_WARN__DUPLICATE_METHOD_MATCH = YES;
				COPY_PHASE_STRIP = NO;
				DEBUG_INFORMATION_FORMAT = "dwarf-with-dsym";
				ENABLE_NS_ASSERTIONS = NO;
				ENABLE_STRICT_OBJC_MSGSEND = YES;
				GCC_C_LANGUAGE_STANDARD = gnu11;
				GCC_NO_COMMON_BLOCKS = YES;
				GCC_WARN_64_TO_32_BIT_CONVERSION = YES;
				GCC_WARN_ABOUT_RETURN_TYPE = YES_ERROR;
				GCC_WARN_UNDECLARED_SELECTOR = YES;
				GCC_WARN_UNINITIALIZED_AUTOS = YES_AGGRESSIVE;
				GCC_WARN_UNUSED_FUNCTION = YES;
				GCC_WARN_UNUSED_VARIABLE = YES;
				IPHONEOS_DEPLOYMENT_TARGET = 15.2;
				MTL_ENABLE_DEBUG_INFO = NO;
				MTL_FAST_MATH = YES;
				SDKROOT = iphoneos;
				SWIFT_COMPILATION_MODE = wholemodule;
				SWIFT_OPTIMIZATION_LEVEL = "-O";
				VALIDATE_PRODUCT = YES;
			};
			name = Release;
		};
		8412959727CE88B70059F068 /* Debug */ = {
			isa = XCBuildConfiguration;
			buildSettings = {
				ASSETCATALOG_COMPILER_APPICON_NAME = AppIcon;
				ASSETCATALOG_COMPILER_GLOBAL_ACCENT_COLOR_NAME = AccentColor;
				CODE_SIGN_STYLE = Automatic;
				CURRENT_PROJECT_VERSION = 1;
				DEVELOPMENT_ASSET_PATHS = "\"Jicco-dev/Preview Content\"";
				DEVELOPMENT_TEAM = 8CYT8AH2V2;
				ENABLE_PREVIEWS = YES;
				GENERATE_INFOPLIST_FILE = YES;
				INFOPLIST_KEY_UIApplicationSceneManifest_Generation = YES;
				INFOPLIST_KEY_UIApplicationSupportsIndirectInputEvents = YES;
				INFOPLIST_KEY_UILaunchScreen_Generation = YES;
				INFOPLIST_KEY_UISupportedInterfaceOrientations_iPad = "UIInterfaceOrientationPortrait UIInterfaceOrientationPortraitUpsideDown UIInterfaceOrientationLandscapeLeft UIInterfaceOrientationLandscapeRight";
				INFOPLIST_KEY_UISupportedInterfaceOrientations_iPhone = "UIInterfaceOrientationPortrait UIInterfaceOrientationLandscapeLeft UIInterfaceOrientationLandscapeRight";
				LD_RUNPATH_SEARCH_PATHS = (
					"$(inherited)",
					"@executable_path/Frameworks",
				);
				MARKETING_VERSION = 1.0;
				PRODUCT_BUNDLE_IDENTIFIER = "com.dxk.Jicco-dev";
				PRODUCT_NAME = "$(TARGET_NAME)";
				SWIFT_EMIT_LOC_STRINGS = YES;
				SWIFT_VERSION = 5.0;
				TARGETED_DEVICE_FAMILY = "1,2";
			};
			name = Debug;
		};
		8412959827CE88B70059F068 /* Release */ = {
			isa = XCBuildConfiguration;
			buildSettings = {
				ASSETCATALOG_COMPILER_APPICON_NAME = AppIcon;
				ASSETCATALOG_COMPILER_GLOBAL_ACCENT_COLOR_NAME = AccentColor;
				CODE_SIGN_STYLE = Automatic;
				CURRENT_PROJECT_VERSION = 1;
				DEVELOPMENT_ASSET_PATHS = "\"Jicco-dev/Preview Content\"";
				DEVELOPMENT_TEAM = 8CYT8AH2V2;
				ENABLE_PREVIEWS = YES;
				GENERATE_INFOPLIST_FILE = YES;
				INFOPLIST_KEY_UIApplicationSceneManifest_Generation = YES;
				INFOPLIST_KEY_UIApplicationSupportsIndirectInputEvents = YES;
				INFOPLIST_KEY_UILaunchScreen_Generation = YES;
				INFOPLIST_KEY_UISupportedInterfaceOrientations_iPad = "UIInterfaceOrientationPortrait UIInterfaceOrientationPortraitUpsideDown UIInterfaceOrientationLandscapeLeft UIInterfaceOrientationLandscapeRight";
				INFOPLIST_KEY_UISupportedInterfaceOrientations_iPhone = "UIInterfaceOrientationPortrait UIInterfaceOrientationLandscapeLeft UIInterfaceOrientationLandscapeRight";
				LD_RUNPATH_SEARCH_PATHS = (
					"$(inherited)",
					"@executable_path/Frameworks",
				);
				MARKETING_VERSION = 1.0;
				PRODUCT_BUNDLE_IDENTIFIER = "com.dxk.Jicco-dev";
				PRODUCT_NAME = "$(TARGET_NAME)";
				SWIFT_EMIT_LOC_STRINGS = YES;
				SWIFT_VERSION = 5.0;
				TARGETED_DEVICE_FAMILY = "1,2";
			};
			name = Release;
		};
/* End XCBuildConfiguration section */

/* Begin XCConfigurationList section */
		8412958327CE88B50059F068 /* Build configuration list for PBXProject "Jicco-dev" */ = {
			isa = XCConfigurationList;
			buildConfigurations = (
				8412959427CE88B70059F068 /* Debug */,
				8412959527CE88B70059F068 /* Release */,
			);
			defaultConfigurationIsVisible = 0;
			defaultConfigurationName = Release;
		};
		8412959627CE88B70059F068 /* Build configuration list for PBXNativeTarget "Jicco-dev" */ = {
			isa = XCConfigurationList;
			buildConfigurations = (
				8412959727CE88B70059F068 /* Debug */,
				8412959827CE88B70059F068 /* Release */,
			);
			defaultConfigurationIsVisible = 0;
			defaultConfigurationName = Release;
		};
/* End XCConfigurationList section */

/* Begin XCRemoteSwiftPackageReference section */
		8412959927CE89080059F068 /* XCRemoteSwiftPackageReference "Get" */ = {
			isa = XCRemoteSwiftPackageReference;
			repositoryURL = "https://github.com/kean/Get.git";
			requirement = {
				kind = exactVersion;
				version = 0.5.0;
			};
		};
		8412959C27CE89790059F068 /* XCRemoteSwiftPackageReference "Kingfisher" */ = {
			isa = XCRemoteSwiftPackageReference;
			repositoryURL = "https://github.com/onevcat/Kingfisher.git";
			requirement = {
				kind = exactVersion;
				version = 7.2.0;
			};
		};
/* End XCRemoteSwiftPackageReference section */

/* Begin XCSwiftPackageProductDependency section */
		8412959A27CE89080059F068 /* Get */ = {
			isa = XCSwiftPackageProductDependency;
			package = 8412959927CE89080059F068 /* XCRemoteSwiftPackageReference "Get" */;
			productName = Get;
		};
		8412959D27CE89790059F068 /* Kingfisher */ = {
			isa = XCSwiftPackageProductDependency;
			package = 8412959C27CE89790059F068 /* XCRemoteSwiftPackageReference "Kingfisher" */;
			productName = Kingfisher;
		};
/* End XCSwiftPackageProductDependency section */
	};
	rootObject = 8412958027CE88B50059F068 /* Project object */;
}
